
Microsoft Visual Studio Solution File, Format Version 12.00
# Visual Studio 15
VisualStudioVersion = 15.0.27004.2006
MinimumVisualStudioVersion = 10.0.40219.1
Project("{FAE04EC0-301F-11D3-BF4B-00C04F79EFBC}") = "SpaceShip", "SpaceShip\SpaceShip.csproj", "{363CF972-BD5B-416A-9196-F0DC9393C4A8}"
EndProject
Global
	GlobalSection(SolutionConfigurationPlatforms) = preSolution
		Debug|Any CPU = Debug|Any CPU
		Release|Any CPU = Release|Any CPU
	EndGlobalSection
	GlobalSection(ProjectConfigurationPlatforms) = postSolution
		{363CF972-BD5B-416A-9196-F0DC9393C4A8}.Debug|Any CPU.ActiveCfg = Debug|Any CPU
		{363CF972-BD5B-416A-9196-F0DC9393C4A8}.Debug|Any CPU.Build.0 = Debug|Any CPU
		{363CF972-BD5B-416A-9196-F0DC9393C4A8}.Release|Any CPU.ActiveCfg = Release|Any CPU
		{363CF972-BD5B-416A-9196-F0DC9393C4A8}.Release|Any CPU.Build.0 = Release|Any CPU
	EndGlobalSection
	GlobalSection(SolutionProperties) = preSolution
		HideSolutionNode = FALSE
	EndGlobalSection
	GlobalSection(ExtensibilityGlobals) = postSolution
		SolutionGuid = {48727BC7-B63C-432C-8D7D-C53C18C203CD}
	EndGlobalSection
EndGlobal
